
Microsoft Visual Studio Solution File, Format Version 12.00
# Visual Studio 15
VisualStudioVersion = 15.0.27130.2010
MinimumVisualStudioVersion = 10.0.40219.1
Project("{FAE04EC0-301F-11D3-BF4B-00C04F79EFBC}") = "SQLite", "SQLite\SQLite.csproj", "{3453F984-7320-4009-BB3B-A1D6550EC034}"
EndProject
Global
	GlobalSection(SolutionConfigurationPlatforms) = preSolution
		Debug|Any CPU = Debug|Any CPU
		Release|Any CPU = Release|Any CPU
	EndGlobalSection
	GlobalSection(ProjectConfigurationPlatforms) = postSolution
		{3453F984-7320-4009-BB3B-A1D6550EC034}.Debug|Any CPU.ActiveCfg = Debug|Any CPU
		{3453F984-7320-4009-BB3B-A1D6550EC034}.Debug|Any CPU.Build.0 = Debug|Any CPU
		{3453F984-7320-4009-BB3B-A1D6550EC034}.Release|Any CPU.ActiveCfg = Release|Any CPU
		{3453F984-7320-4009-BB3B-A1D6550EC034}.Release|Any CPU.Build.0 = Release|Any CPU
	EndGlobalSection
	GlobalSection(SolutionProperties) = preSolution
		HideSolutionNode = FALSE
	EndGlobalSection
	GlobalSection(ExtensibilityGlobals) = postSolution
		SolutionGuid = {6D0415F6-7688-4771-8543-10D1E8C8C34B}
	EndGlobalSection
EndGlobal
